github.com/alexflint/go-arg v1.6.0 h1:wPP9TwTPO54fUVQl4nZoxbFfKCcy5E6HBCumj1XVRSo=
github.com/alexflint/go-arg v1.6.0/go.mod h1:A7vTJzvjoaSTypg4biM5uYNTkJ27SkNTArtYXnlqVO8=
github.com/alexflint/go-scalar v1.2.0 h1:WR7JPKkeNpnYIOfHRa7ivM21aWAdHD0gEWHCx+WQBRw=
github.com/alexflint/go-scalar v1.2.0/go.mod h1:LoFvNMqS1CPrMVltza4LvnGKhaSpc3oyLEBUZVhhS2o=
github.com/davecgh/go-spew v1.1.1 h1:vj9j/u1bqnvCEfJOwUhtlOARqs3+rkHYY13jYWTU97c=
github.com/davecgh/go-spew v1.1.1/go.mod h1:J7Y8YcW2NihsgmVo/mv3lAwl/skON4iLHjSsI+c5H38=
github.com/kirsle/configdir v0.0.0-20170128060238-e45d2f54772f h1:dKccXx7xA56UNqOcFIbuqFjAWPVtP688j5QMgmo6OHU=
github.com/kirsle/configdir v0.0.0-20170128060238-e45d2f54772f/go.mod h1:4rEELDSfUAlBSyUjPG0JnaNGjf13JySHFeRdD/3dLP0=
github.com/pmezard/go-difflib v1.0.0 h1:4DBwDE0NGyQoBHbLQYPwSUPoCMWR5BEzIk/f1lZbAQM=
github.com/pmezard/go-difflib v1.0.0/go.mod h1:iKH77koFhYxTK1pcRnkKkqfTogsbg7gZNVY4sRDYZ/4=
github.com/stretchr/testify v1.2.2/go.mod h1:a8OnRcib4nhh0OaRAV+Yts87kKdq0PP7pXfy6kDkUVs=
github.com/stretchr/testify v1.11.1 h1:7s2iGBzp5EwR7/aIZr8ao5+dra3wiQyKjjFuvgVKu7U=
github.com/stretchr/testify v1.11.1/go.mod h1:wZwfW3scLgRK+23gO65QZefKpKQRnfz6sD981Nm4B6U=
github.com/tekkamanendless/httperror v1.0.1 h1:lKf7qlWcb6Khdxj8ZY3H2GdBX30+J1ACMNgb8jnNr8Y=
github.com/tekkamanendless/httperror v1.0.1/go.mod h1:tYTDnOTP2Av5x3e2CUf9t671QPMIJvgS/8ErXGQ4pK0=
github.com/threatmate/pax8-integration v0.1.15 h1:JnKxsapi51ixryOzJTMVhuYFyQL1ma6KkGmJ+IZE7OY=
github.com/threatmate/pax8-integration v0.1.15/go.mod h1:vr0RZ+tI1i4dT781VQObHKfB5OB430MKCeBLzhj/Gvc=
github.com/threatmate/restapiclient v0.2.1 h1:dcsz3A9KIRsK4CslntfDV0hO+IY80NM4MfxdkrOH1hg=
github.com/threatmate/restapiclient v0.2.1/go.mod h1:zFjPimq8RJ3hRSu4yxs0b0g05cBHWT0/cE72gMAu36Y=
gopkg.in/yaml.v3 v3.0.1 h1:fxVm/GzAzEWqLHuvctI91KS9hhNmmWOoWu0XTYJS7CA=
gopkg.in/yaml.v3 v3.0.1/go.mod h1:K4uyk7z7BCEPqu6E+C64Yfv1cQ7kz7rIZviUmN+EgEM=
